{
  "nodes": {
    "katex": {
      "flake": false,
      "locked": {
        "lastModified": 1696277469,
        "narHash": "sha256-Nca52SW4Q0P5/fllDFQEaOQyak7ojCs0ShlqJ1mWZOM=",
        "type": "tarball",
        "url": "https://github.com/KaTeX/KaTeX/releases/download/v0.16.9/katex.zip"
      },
      "original": {
        "type": "tarball",
        "url": "https://github.com/KaTeX/KaTeX/releases/download/v0.16.9/katex.zip"
      }
    },
    "nixpkgs": {
      "locked": {
        "lastModified": 1704070741,
        "narHash": "sha256-QU2FGrTHHpZNfTXHmedVTJdN1LJMnvghhkeCxq66mBM=",
        "owner": "nixos",
        "repo": "nixpkgs",
        "rev": "562570d8a9345b2b02771f8f64cbd448abc9e9b0",
        "type": "github"
      },
      "original": {
        "owner": "nixos",
        "repo": "nixpkgs",
        "type": "github"
      }
    },
    "root": {
      "inputs": {
        "katex": "katex",
        "nixpkgs": "nixpkgs",
        "utils": "utils"
      }
    },
    "systems": {
      "locked": {
        "lastModified": 1681028828,
        "narHash": "sha256-Vy1rq5AaRuLzOxct8nz4T6wlgyUR7zLU309k9mBC768=",
        "owner": "nix-systems",
        "repo": "default",
        "rev": "da67096a3b9bf56a91d16901293e51ba5b49a27e",
        "type": "github"
      },
      "original": {
        "owner": "nix-systems",
        "repo": "default",
        "type": "github"
      }
    },
    "utils": {
      "inputs": {
        "systems": "systems"
      },
      "locked": {
        "lastModified": 1709126324,
        "narHash": "sha256-q6EQdSeUZOG26WelxqkmR7kArjgWCdw5sfJVHPH/7j8=",
        "owner": "numtide",
        "repo": "flake-utils",
        "rev": "d465f4819400de7c8d874d50b982301f28a84605",
        "type": "github"
      },
      "original": {
        "owner": "numtide",
        "repo": "flake-utils",
        "type": "github"
      }
    }
  },
  "root": "root",
  "version": 7
}
